
Microsoft Visual Studio Solution File, Format Version 12.00
# Visual Studio 15
Project("{FAE04EC0-301F-11D3-BF4B-00C04F79EFBC}") = "Codebot.Raspberry.Board", "Codebot.Raspberry.Board\Codebot.Raspberry.Board.csproj", "{B2C6E53C-E178-4ABF-A37A-09DE3CECAD22}"
EndProject
Project("{FAE04EC0-301F-11D3-BF4B-00C04F79EFBC}") = "Codebot.Raspberry", "Codebot.Raspberry\Codebot.Raspberry.csproj", "{2AEF0591-36A8-4CDC-AE68-DC91B1BEB57F}"
EndProject
Project("{FAE04EC0-301F-11D3-BF4B-00C04F79EFBC}") = "Tests", "Tests\Tests.csproj", "{B35BBBF0-4DF8-4DFE-8F4E-8C50B071CB51}"
EndProject
Project("{FAE04EC0-301F-11D3-BF4B-00C04F79EFBC}") = "Dhtxx", "Codebot.Raspberry.Device\Dhtxx\Dhtxx.csproj", "{C58D3CA2-D62E-4C81-B732-008E935F07D0}"
EndProject
Project("{2150E333-8FDC-42A3-9474-1A3956D46DE8}") = "Codebot.Raspberry.Device", "Codebot.Raspberry.Device", "{A72ED1C4-3E87-404C-8A3D-197FE5D4CA92}"
EndProject
Project("{FAE04EC0-301F-11D3-BF4B-00C04F79EFBC}") = "Hd44780", "Codebot.Raspberry.Device\Hd44780\Hd44780.csproj", "{4B801C6D-3DC2-4242-A8B3-F7434AF68092}"
EndProject
Project("{FAE04EC0-301F-11D3-BF4B-00C04F79EFBC}") = "Ws28xx", "Codebot.Raspberry.Device\Ws28xx\Ws28xx.csproj", "{9ED5DB2F-CE14-4298-82CF-AEA459D85992}"
EndProject
Project("{FAE04EC0-301F-11D3-BF4B-00C04F79EFBC}") = "Servos", "Codebot.Raspberry.Device\Servos\Servos.csproj", "{E31D52E7-86D3-4818-A1E9-B28F4645C7A6}"
EndProject
Project("{FAE04EC0-301F-11D3-BF4B-00C04F79EFBC}") = "Motors", "Codebot.Raspberry.Device\Motors\Motors.csproj", "{53991FC3-82D3-4C06-90D8-80D7E1B20068}"
EndProject
Project("{2150E333-8FDC-42A3-9474-1A3956D46DE8}") = "Examples", "Examples", "{51AD3FBA-6B03-4B1A-92AE-ECC5535EC271}"
EndProject
Project("{9344BDBB-3E7F-41FC-A0DD-8665D75EE146}") = "Tcs34725", "Codebot.Raspberry.Device\Tcs34725\Tcs34725.csproj", "{12695D7F-F679-4FA8-A11A-860A3E7D3161}"
EndProject
Project("{9344BDBB-3E7F-41FC-A0DD-8665D75EE146}") = "TcsMicrosoft", "Codebot.Raspberry.Device\TcsMicrosoft\TcsMicrosoft.csproj", "{95CA4E45-1759-4119-941A-22E0E3BB90A8}"
EndProject
Project("{FAE04EC0-301F-11D3-BF4B-00C04F79EFBC}") = "ColorServer", "ColorServer\ColorServer.csproj", "{2AC74575-8F16-4DB9-A602-AE2C0F479A35}"
EndProject
Global
	GlobalSection(SolutionConfigurationPlatforms) = preSolution
		Debug|Any CPU = Debug|Any CPU
		Release|Any CPU = Release|Any CPU
	EndGlobalSection
	GlobalSection(ProjectConfigurationPlatforms) = postSolution
		{B2C6E53C-E178-4ABF-A37A-09DE3CECAD22}.Debug|Any CPU.ActiveCfg = Debug|Any CPU
		{B2C6E53C-E178-4ABF-A37A-09DE3CECAD22}.Debug|Any CPU.Build.0 = Debug|Any CPU
		{B2C6E53C-E178-4ABF-A37A-09DE3CECAD22}.Release|Any CPU.ActiveCfg = Release|Any CPU
		{B2C6E53C-E178-4ABF-A37A-09DE3CECAD22}.Release|Any CPU.Build.0 = Release|Any CPU
		{2AEF0591-36A8-4CDC-AE68-DC91B1BEB57F}.Debug|Any CPU.ActiveCfg = Debug|Any CPU
		{2AEF0591-36A8-4CDC-AE68-DC91B1BEB57F}.Debug|Any CPU.Build.0 = Debug|Any CPU
		{2AEF0591-36A8-4CDC-AE68-DC91B1BEB57F}.Release|Any CPU.ActiveCfg = Release|Any CPU
		{2AEF0591-36A8-4CDC-AE68-DC91B1BEB57F}.Release|Any CPU.Build.0 = Release|Any CPU
		{B35BBBF0-4DF8-4DFE-8F4E-8C50B071CB51}.Debug|Any CPU.ActiveCfg = Debug|Any CPU
		{B35BBBF0-4DF8-4DFE-8F4E-8C50B071CB51}.Debug|Any CPU.Build.0 = Debug|Any CPU
		{B35BBBF0-4DF8-4DFE-8F4E-8C50B071CB51}.Release|Any CPU.ActiveCfg = Release|Any CPU
		{B35BBBF0-4DF8-4DFE-8F4E-8C50B071CB51}.Release|Any CPU.Build.0 = Release|Any CPU
		{C58D3CA2-D62E-4C81-B732-008E935F07D0}.Debug|Any CPU.ActiveCfg = Debug|Any CPU
		{C58D3CA2-D62E-4C81-B732-008E935F07D0}.Debug|Any CPU.Build.0 = Debug|Any CPU
		{C58D3CA2-D62E-4C81-B732-008E935F07D0}.Release|Any CPU.ActiveCfg = Release|Any CPU
		{C58D3CA2-D62E-4C81-B732-008E935F07D0}.Release|Any CPU.Build.0 = Release|Any CPU
		{4B801C6D-3DC2-4242-A8B3-F7434AF68092}.Debug|Any CPU.ActiveCfg = Debug|Any CPU
		{4B801C6D-3DC2-4242-A8B3-F7434AF68092}.Debug|Any CPU.Build.0 = Debug|Any CPU
		{4B801C6D-3DC2-4242-A8B3-F7434AF68092}.Release|Any CPU.ActiveCfg = Release|Any CPU
		{4B801C6D-3DC2-4242-A8B3-F7434AF68092}.Release|Any CPU.Build.0 = Release|Any CPU
		{9ED5DB2F-CE14-4298-82CF-AEA459D85992}.Debug|Any CPU.ActiveCfg = Debug|Any CPU
		{9ED5DB2F-CE14-4298-82CF-AEA459D85992}.Debug|Any CPU.Build.0 = Debug|Any CPU
		{9ED5DB2F-CE14-4298-82CF-AEA459D85992}.Release|Any CPU.ActiveCfg = Release|Any CPU
		{9ED5DB2F-CE14-4298-82CF-AEA459D85992}.Release|Any CPU.Build.0 = Release|Any CPU
		{E31D52E7-86D3-4818-A1E9-B28F4645C7A6}.Debug|Any CPU.ActiveCfg = Debug|Any CPU
		{E31D52E7-86D3-4818-A1E9-B28F4645C7A6}.Debug|Any CPU.Build.0 = Debug|Any CPU
		{E31D52E7-86D3-4818-A1E9-B28F4645C7A6}.Release|Any CPU.ActiveCfg = Release|Any CPU
		{E31D52E7-86D3-4818-A1E9-B28F4645C7A6}.Release|Any CPU.Build.0 = Release|Any CPU
		{53991FC3-82D3-4C06-90D8-80D7E1B20068}.Debug|Any CPU.ActiveCfg = Debug|Any CPU
		{53991FC3-82D3-4C06-90D8-80D7E1B20068}.Debug|Any CPU.Build.0 = Debug|Any CPU
		{53991FC3-82D3-4C06-90D8-80D7E1B20068}.Release|Any CPU.ActiveCfg = Release|Any CPU
		{53991FC3-82D3-4C06-90D8-80D7E1B20068}.Release|Any CPU.Build.0 = Release|Any CPU
		{12695D7F-F679-4FA8-A11A-860A3E7D3161}.Debug|Any CPU.ActiveCfg = Debug|Any CPU
		{12695D7F-F679-4FA8-A11A-860A3E7D3161}.Debug|Any CPU.Build.0 = Debug|Any CPU
		{12695D7F-F679-4FA8-A11A-860A3E7D3161}.Release|Any CPU.ActiveCfg = Release|Any CPU
		{12695D7F-F679-4FA8-A11A-860A3E7D3161}.Release|Any CPU.Build.0 = Release|Any CPU
		{95CA4E45-1759-4119-941A-22E0E3BB90A8}.Debug|Any CPU.ActiveCfg = Debug|Any CPU
		{95CA4E45-1759-4119-941A-22E0E3BB90A8}.Debug|Any CPU.Build.0 = Debug|Any CPU
		{95CA4E45-1759-4119-941A-22E0E3BB90A8}.Release|Any CPU.ActiveCfg = Release|Any CPU
		{95CA4E45-1759-4119-941A-22E0E3BB90A8}.Release|Any CPU.Build.0 = Release|Any CPU
		{2AC74575-8F16-4DB9-A602-AE2C0F479A35}.Debug|Any CPU.ActiveCfg = Debug|Any CPU
		{2AC74575-8F16-4DB9-A602-AE2C0F479A35}.Debug|Any CPU.Build.0 = Debug|Any CPU
		{2AC74575-8F16-4DB9-A602-AE2C0F479A35}.Release|Any CPU.ActiveCfg = Release|Any CPU
		{2AC74575-8F16-4DB9-A602-AE2C0F479A35}.Release|Any CPU.Build.0 = Release|Any CPU
	EndGlobalSection
	GlobalSection(NestedProjects) = preSolution
		{C58D3CA2-D62E-4C81-B732-008E935F07D0} = {A72ED1C4-3E87-404C-8A3D-197FE5D4CA92}
		{4B801C6D-3DC2-4242-A8B3-F7434AF68092} = {A72ED1C4-3E87-404C-8A3D-197FE5D4CA92}
		{9ED5DB2F-CE14-4298-82CF-AEA459D85992} = {A72ED1C4-3E87-404C-8A3D-197FE5D4CA92}
		{E31D52E7-86D3-4818-A1E9-B28F4645C7A6} = {A72ED1C4-3E87-404C-8A3D-197FE5D4CA92}
		{53991FC3-82D3-4C06-90D8-80D7E1B20068} = {A72ED1C4-3E87-404C-8A3D-197FE5D4CA92}
		{12695D7F-F679-4FA8-A11A-860A3E7D3161} = {A72ED1C4-3E87-404C-8A3D-197FE5D4CA92}
		{95CA4E45-1759-4119-941A-22E0E3BB90A8} = {A72ED1C4-3E87-404C-8A3D-197FE5D4CA92}
		{2AC74575-8F16-4DB9-A602-AE2C0F479A35} = {51AD3FBA-6B03-4B1A-92AE-ECC5535EC271}
	EndGlobalSection
EndGlobal
