
Microsoft Visual Studio Solution File, Format Version 12.00
# Visual Studio 15
Project("{FAE04EC0-301F-11D3-BF4B-00C04F79EFBC}") = "Codebot.Raspberry.Board", "Codebot.Raspberry.Board\Codebot.Raspberry.Board.csproj", "{4BD1DFF1-1EF2-477C-9489-6A93FCD538C2}"
EndProject
Project("{FAE04EC0-301F-11D3-BF4B-00C04F79EFBC}") = "Codebot.Raspberry", "Codebot.Raspberry\Codebot.Raspberry.csproj", "{E6E6C008-6883-4554-BEB6-84024F769F7B}"
EndProject
Project("{2150E333-8FDC-42A3-9474-1A3956D46DE8}") = "Codebot.Raspberry.Device", "Codebot.Raspberry.Device", "{9B202BB3-0464-4AFF-9DC9-3AF67616DF39}"
EndProject
Project("{FAE04EC0-301F-11D3-BF4B-00C04F79EFBC}") = "Dhtxx", "Codebot.Raspberry.Device\Dhtxx\Dhtxx.csproj", "{69240573-DFEB-43A7-9849-A87312F59DD4}"
EndProject
Project("{FAE04EC0-301F-11D3-BF4B-00C04F79EFBC}") = "Hd44780", "Codebot.Raspberry.Device\Hd44780\Hd44780.csproj", "{6CD59436-56F8-489B-B972-B4A29771C6EC}"
EndProject
Project("{FAE04EC0-301F-11D3-BF4B-00C04F79EFBC}") = "Ws28xx", "Codebot.Raspberry.Device\Ws28xx\Ws28xx.csproj", "{2120B2F9-5803-4586-8EB9-C2677A081339}"
EndProject
Global
	GlobalSection(SolutionConfigurationPlatforms) = preSolution
		Debug|Any CPU = Debug|Any CPU
		Release|Any CPU = Release|Any CPU
	EndGlobalSection
	GlobalSection(ProjectConfigurationPlatforms) = postSolution
		{D1F771E6-A131-4A83-985E-9975BA5DDD49}.Debug|Any CPU.ActiveCfg = Debug|Any CPU
		{D1F771E6-A131-4A83-985E-9975BA5DDD49}.Debug|Any CPU.Build.0 = Debug|Any CPU
		{D1F771E6-A131-4A83-985E-9975BA5DDD49}.Release|Any CPU.ActiveCfg = Release|Any CPU
		{D1F771E6-A131-4A83-985E-9975BA5DDD49}.Release|Any CPU.Build.0 = Release|Any CPU
		{DFC1B376-32F3-4E1C-833A-DA74BF035345}.Debug|Any CPU.ActiveCfg = Debug|Any CPU
		{DFC1B376-32F3-4E1C-833A-DA74BF035345}.Debug|Any CPU.Build.0 = Debug|Any CPU
		{DFC1B376-32F3-4E1C-833A-DA74BF035345}.Release|Any CPU.ActiveCfg = Release|Any CPU
		{DFC1B376-32F3-4E1C-833A-DA74BF035345}.Release|Any CPU.Build.0 = Release|Any CPU
		{E11EAF45-75BD-438A-B8E1-4CF25DE0C4C2}.Debug|Any CPU.ActiveCfg = Debug|Any CPU
		{E11EAF45-75BD-438A-B8E1-4CF25DE0C4C2}.Debug|Any CPU.Build.0 = Debug|Any CPU
		{E11EAF45-75BD-438A-B8E1-4CF25DE0C4C2}.Release|Any CPU.ActiveCfg = Release|Any CPU
		{E11EAF45-75BD-438A-B8E1-4CF25DE0C4C2}.Release|Any CPU.Build.0 = Release|Any CPU
		{E20F9C91-664E-4482-9774-5E5B8C68C164}.Debug|Any CPU.ActiveCfg = Debug|Any CPU
		{E20F9C91-664E-4482-9774-5E5B8C68C164}.Debug|Any CPU.Build.0 = Debug|Any CPU
		{E20F9C91-664E-4482-9774-5E5B8C68C164}.Release|Any CPU.ActiveCfg = Release|Any CPU
		{E20F9C91-664E-4482-9774-5E5B8C68C164}.Release|Any CPU.Build.0 = Release|Any CPU
		{400B545C-503A-4584-BFF6-5CD61E4AB141}.Debug|Any CPU.ActiveCfg = Debug|Any CPU
		{400B545C-503A-4584-BFF6-5CD61E4AB141}.Debug|Any CPU.Build.0 = Debug|Any CPU
		{400B545C-503A-4584-BFF6-5CD61E4AB141}.Release|Any CPU.ActiveCfg = Release|Any CPU
		{400B545C-503A-4584-BFF6-5CD61E4AB141}.Release|Any CPU.Build.0 = Release|Any CPU
		{5C072406-0C59-429E-8718-4DA2EFE3F189}.Debug|Any CPU.ActiveCfg = Debug|Any CPU
		{5C072406-0C59-429E-8718-4DA2EFE3F189}.Debug|Any CPU.Build.0 = Debug|Any CPU
		{5C072406-0C59-429E-8718-4DA2EFE3F189}.Release|Any CPU.ActiveCfg = Release|Any CPU
		{5C072406-0C59-429E-8718-4DA2EFE3F189}.Release|Any CPU.Build.0 = Release|Any CPU
		{47F1773B-C80D-490A-B993-9B14AA6E5C42}.Debug|Any CPU.ActiveCfg = Debug|Any CPU
		{47F1773B-C80D-490A-B993-9B14AA6E5C42}.Debug|Any CPU.Build.0 = Debug|Any CPU
		{47F1773B-C80D-490A-B993-9B14AA6E5C42}.Release|Any CPU.ActiveCfg = Release|Any CPU
		{47F1773B-C80D-490A-B993-9B14AA6E5C42}.Release|Any CPU.Build.0 = Release|Any CPU
		{1544401F-3A59-4613-9E1E-123D9E97721E}.Debug|Any CPU.ActiveCfg = Debug|Any CPU
		{1544401F-3A59-4613-9E1E-123D9E97721E}.Debug|Any CPU.Build.0 = Debug|Any CPU
		{1544401F-3A59-4613-9E1E-123D9E97721E}.Release|Any CPU.ActiveCfg = Release|Any CPU
		{1544401F-3A59-4613-9E1E-123D9E97721E}.Release|Any CPU.Build.0 = Release|Any CPU
		{4BD1DFF1-1EF2-477C-9489-6A93FCD538C2}.Debug|Any CPU.ActiveCfg = Debug|Any CPU
		{4BD1DFF1-1EF2-477C-9489-6A93FCD538C2}.Debug|Any CPU.Build.0 = Debug|Any CPU
		{4BD1DFF1-1EF2-477C-9489-6A93FCD538C2}.Release|Any CPU.ActiveCfg = Release|Any CPU
		{4BD1DFF1-1EF2-477C-9489-6A93FCD538C2}.Release|Any CPU.Build.0 = Release|Any CPU
		{E6E6C008-6883-4554-BEB6-84024F769F7B}.Debug|Any CPU.ActiveCfg = Debug|Any CPU
		{E6E6C008-6883-4554-BEB6-84024F769F7B}.Debug|Any CPU.Build.0 = Debug|Any CPU
		{E6E6C008-6883-4554-BEB6-84024F769F7B}.Release|Any CPU.ActiveCfg = Release|Any CPU
		{E6E6C008-6883-4554-BEB6-84024F769F7B}.Release|Any CPU.Build.0 = Release|Any CPU
		{69240573-DFEB-43A7-9849-A87312F59DD4}.Debug|Any CPU.ActiveCfg = Debug|Any CPU
		{69240573-DFEB-43A7-9849-A87312F59DD4}.Debug|Any CPU.Build.0 = Debug|Any CPU
		{69240573-DFEB-43A7-9849-A87312F59DD4}.Release|Any CPU.ActiveCfg = Release|Any CPU
		{69240573-DFEB-43A7-9849-A87312F59DD4}.Release|Any CPU.Build.0 = Release|Any CPU
		{6CD59436-56F8-489B-B972-B4A29771C6EC}.Debug|Any CPU.ActiveCfg = Debug|Any CPU
		{6CD59436-56F8-489B-B972-B4A29771C6EC}.Debug|Any CPU.Build.0 = Debug|Any CPU
		{6CD59436-56F8-489B-B972-B4A29771C6EC}.Release|Any CPU.ActiveCfg = Release|Any CPU
		{6CD59436-56F8-489B-B972-B4A29771C6EC}.Release|Any CPU.Build.0 = Release|Any CPU
		{2120B2F9-5803-4586-8EB9-C2677A081339}.Debug|Any CPU.ActiveCfg = Debug|Any CPU
		{2120B2F9-5803-4586-8EB9-C2677A081339}.Debug|Any CPU.Build.0 = Debug|Any CPU
		{2120B2F9-5803-4586-8EB9-C2677A081339}.Release|Any CPU.ActiveCfg = Release|Any CPU
		{2120B2F9-5803-4586-8EB9-C2677A081339}.Release|Any CPU.Build.0 = Release|Any CPU
	EndGlobalSection
	GlobalSection(NestedProjects) = preSolution
		{E11EAF45-75BD-438A-B8E1-4CF25DE0C4C2} = {5A361178-AAD3-4407-A2D3-10E676E4BC95}
		{400B545C-503A-4584-BFF6-5CD61E4AB141} = {5A361178-AAD3-4407-A2D3-10E676E4BC95}
		{47F1773B-C80D-490A-B993-9B14AA6E5C42} = {5A361178-AAD3-4407-A2D3-10E676E4BC95}
		{69240573-DFEB-43A7-9849-A87312F59DD4} = {9B202BB3-0464-4AFF-9DC9-3AF67616DF39}
		{6CD59436-56F8-489B-B972-B4A29771C6EC} = {9B202BB3-0464-4AFF-9DC9-3AF67616DF39}
		{2120B2F9-5803-4586-8EB9-C2677A081339} = {9B202BB3-0464-4AFF-9DC9-3AF67616DF39}
	EndGlobalSection
EndGlobal
