
Microsoft Visual Studio Solution File, Format Version 12.00
# Visual Studio 15
Project("{FAE04EC0-301F-11D3-BF4B-00C04F79EFBC}") = "Codebot.Raspberry.Board", "Codebot.Raspberry.Board\Codebot.Raspberry.Board.csproj", "{B2C6E53C-E178-4ABF-A37A-09DE3CECAD22}"
EndProject
Project("{FAE04EC0-301F-11D3-BF4B-00C04F79EFBC}") = "Codebot.Raspberry", "Codebot.Raspberry\Codebot.Raspberry.csproj", "{2AEF0591-36A8-4CDC-AE68-DC91B1BEB57F}"
EndProject
Project("{FAE04EC0-301F-11D3-BF4B-00C04F79EFBC}") = "Tests", "Tests\Tests.csproj", "{B35BBBF0-4DF8-4DFE-8F4E-8C50B071CB51}"
EndProject
Project("{FAE04EC0-301F-11D3-BF4B-00C04F79EFBC}") = "Dhtxx", "Codebot.Raspberry.Device\Dhtxx\Dhtxx.csproj", "{C58D3CA2-D62E-4C81-B732-008E935F07D0}"
EndProject
Project("{2150E333-8FDC-42A3-9474-1A3956D46DE8}") = "Codebot.Raspberry.Device", "Codebot.Raspberry.Device", "{A72ED1C4-3E87-404C-8A3D-197FE5D4CA92}"
EndProject
Project("{FAE04EC0-301F-11D3-BF4B-00C04F79EFBC}") = "Hd44780", "Codebot.Raspberry.Device\Hd44780\Hd44780.csproj", "{4B801C6D-3DC2-4242-A8B3-F7434AF68092}"
EndProject
Project("{FAE04EC0-301F-11D3-BF4B-00C04F79EFBC}") = "Ws28xx", "Codebot.Raspberry.Device\Ws28xx\Ws28xx.csproj", "{9ED5DB2F-CE14-4298-82CF-AEA459D85992}"
EndProject
Project("{FAE04EC0-301F-11D3-BF4B-00C04F79EFBC}") = "Servo", "Codebot.Raspberry.Device\Servo\Servo.csproj", "{E31D52E7-86D3-4818-A1E9-B28F4645C7A6}"
EndProject
Project("{FAE04EC0-301F-11D3-BF4B-00C04F79EFBC}") = "Uln2003", "Codebot.Raspberry.Device\Uln2003\Uln2003.csproj", "{53991FC3-82D3-4C06-90D8-80D7E1B20068}"
EndProject
Global
	GlobalSection(SolutionConfigurationPlatforms) = preSolution
		Debug|Any CPU = Debug|Any CPU
		Release|Any CPU = Release|Any CPU
	EndGlobalSection
	GlobalSection(ProjectConfigurationPlatforms) = postSolution
		{B2C6E53C-E178-4ABF-A37A-09DE3CECAD22}.Debug|Any CPU.ActiveCfg = Debug|Any CPU
		{B2C6E53C-E178-4ABF-A37A-09DE3CECAD22}.Debug|Any CPU.Build.0 = Debug|Any CPU
		{B2C6E53C-E178-4ABF-A37A-09DE3CECAD22}.Release|Any CPU.ActiveCfg = Release|Any CPU
		{B2C6E53C-E178-4ABF-A37A-09DE3CECAD22}.Release|Any CPU.Build.0 = Release|Any CPU
		{2AEF0591-36A8-4CDC-AE68-DC91B1BEB57F}.Debug|Any CPU.ActiveCfg = Debug|Any CPU
		{2AEF0591-36A8-4CDC-AE68-DC91B1BEB57F}.Debug|Any CPU.Build.0 = Debug|Any CPU
		{2AEF0591-36A8-4CDC-AE68-DC91B1BEB57F}.Release|Any CPU.ActiveCfg = Release|Any CPU
		{2AEF0591-36A8-4CDC-AE68-DC91B1BEB57F}.Release|Any CPU.Build.0 = Release|Any CPU
		{B35BBBF0-4DF8-4DFE-8F4E-8C50B071CB51}.Debug|Any CPU.ActiveCfg = Debug|Any CPU
		{B35BBBF0-4DF8-4DFE-8F4E-8C50B071CB51}.Debug|Any CPU.Build.0 = Debug|Any CPU
		{B35BBBF0-4DF8-4DFE-8F4E-8C50B071CB51}.Release|Any CPU.ActiveCfg = Release|Any CPU
		{B35BBBF0-4DF8-4DFE-8F4E-8C50B071CB51}.Release|Any CPU.Build.0 = Release|Any CPU
		{C58D3CA2-D62E-4C81-B732-008E935F07D0}.Debug|Any CPU.ActiveCfg = Debug|Any CPU
		{C58D3CA2-D62E-4C81-B732-008E935F07D0}.Debug|Any CPU.Build.0 = Debug|Any CPU
		{C58D3CA2-D62E-4C81-B732-008E935F07D0}.Release|Any CPU.ActiveCfg = Release|Any CPU
		{C58D3CA2-D62E-4C81-B732-008E935F07D0}.Release|Any CPU.Build.0 = Release|Any CPU
		{4B801C6D-3DC2-4242-A8B3-F7434AF68092}.Debug|Any CPU.ActiveCfg = Debug|Any CPU
		{4B801C6D-3DC2-4242-A8B3-F7434AF68092}.Debug|Any CPU.Build.0 = Debug|Any CPU
		{4B801C6D-3DC2-4242-A8B3-F7434AF68092}.Release|Any CPU.ActiveCfg = Release|Any CPU
		{4B801C6D-3DC2-4242-A8B3-F7434AF68092}.Release|Any CPU.Build.0 = Release|Any CPU
		{9ED5DB2F-CE14-4298-82CF-AEA459D85992}.Debug|Any CPU.ActiveCfg = Debug|Any CPU
		{9ED5DB2F-CE14-4298-82CF-AEA459D85992}.Debug|Any CPU.Build.0 = Debug|Any CPU
		{9ED5DB2F-CE14-4298-82CF-AEA459D85992}.Release|Any CPU.ActiveCfg = Release|Any CPU
		{9ED5DB2F-CE14-4298-82CF-AEA459D85992}.Release|Any CPU.Build.0 = Release|Any CPU
		{E31D52E7-86D3-4818-A1E9-B28F4645C7A6}.Debug|Any CPU.ActiveCfg = Debug|Any CPU
		{E31D52E7-86D3-4818-A1E9-B28F4645C7A6}.Debug|Any CPU.Build.0 = Debug|Any CPU
		{E31D52E7-86D3-4818-A1E9-B28F4645C7A6}.Release|Any CPU.ActiveCfg = Release|Any CPU
		{E31D52E7-86D3-4818-A1E9-B28F4645C7A6}.Release|Any CPU.Build.0 = Release|Any CPU
		{53991FC3-82D3-4C06-90D8-80D7E1B20068}.Debug|Any CPU.ActiveCfg = Debug|Any CPU
		{53991FC3-82D3-4C06-90D8-80D7E1B20068}.Debug|Any CPU.Build.0 = Debug|Any CPU
		{53991FC3-82D3-4C06-90D8-80D7E1B20068}.Release|Any CPU.ActiveCfg = Release|Any CPU
		{53991FC3-82D3-4C06-90D8-80D7E1B20068}.Release|Any CPU.Build.0 = Release|Any CPU
	EndGlobalSection
	GlobalSection(NestedProjects) = preSolution
		{C58D3CA2-D62E-4C81-B732-008E935F07D0} = {A72ED1C4-3E87-404C-8A3D-197FE5D4CA92}
		{4B801C6D-3DC2-4242-A8B3-F7434AF68092} = {A72ED1C4-3E87-404C-8A3D-197FE5D4CA92}
		{9ED5DB2F-CE14-4298-82CF-AEA459D85992} = {A72ED1C4-3E87-404C-8A3D-197FE5D4CA92}
		{E31D52E7-86D3-4818-A1E9-B28F4645C7A6} = {A72ED1C4-3E87-404C-8A3D-197FE5D4CA92}
		{53991FC3-82D3-4C06-90D8-80D7E1B20068} = {A72ED1C4-3E87-404C-8A3D-197FE5D4CA92}
	EndGlobalSection
EndGlobal
